
Microsoft Visual Studio Solution File, Format Version 12.00
# Visual Studio Version 17
VisualStudioVersion = 17.11.35312.102
MinimumVisualStudioVersion = 10.0.40219.1
Project("{FAE04EC0-301F-11D3-BF4B-00C04F79EFBC}") = "alimozavr", "alimozavr\alimozavr.csproj", "{2BE001BE-D9FD-4F3D-8067-3DBFB544844C}"
EndProject
Global
	GlobalSection(SolutionConfigurationPlatforms) = preSolution
		Debug|Any CPU = Debug|Any CPU
		Debug|x64 = Debug|x64
		Release|Any CPU = Release|Any CPU
		Release|x64 = Release|x64
	EndGlobalSection
	GlobalSection(ProjectConfigurationPlatforms) = postSolution
		{2BE001BE-D9FD-4F3D-8067-3DBFB544844C}.Debug|Any CPU.ActiveCfg = Debug|Any CPU
		{2BE001BE-D9FD-4F3D-8067-3DBFB544844C}.Debug|Any CPU.Build.0 = Debug|Any CPU
		{2BE001BE-D9FD-4F3D-8067-3DBFB544844C}.Debug|x64.ActiveCfg = Debug|x64
		{2BE001BE-D9FD-4F3D-8067-3DBFB544844C}.Debug|x64.Build.0 = Debug|x64
		{2BE001BE-D9FD-4F3D-8067-3DBFB544844C}.Release|Any CPU.ActiveCfg = Release|Any CPU
		{2BE001BE-D9FD-4F3D-8067-3DBFB544844C}.Release|Any CPU.Build.0 = Release|Any CPU
		{2BE001BE-D9FD-4F3D-8067-3DBFB544844C}.Release|x64.ActiveCfg = Release|x64
		{2BE001BE-D9FD-4F3D-8067-3DBFB544844C}.Release|x64.Build.0 = Release|x64
	EndGlobalSection
	GlobalSection(SolutionProperties) = preSolution
		HideSolutionNode = FALSE
	EndGlobalSection
	GlobalSection(ExtensibilityGlobals) = postSolution
		SolutionGuid = {2C49A481-F8EC-460C-BA50-6288755A1DB0}
	EndGlobalSection
EndGlobal
